
Microsoft Visual Studio Solution File, Format Version 12.00
# Visual Studio Version 17
VisualStudioVersion = 17.11.35222.181
MinimumVisualStudioVersion = 10.0.40219.1
Project("{9A19103F-16F7-4668-BE54-9A1E7A4F7556}") = "AIChatApp", "AIChatApp\AIChatApp.csproj", "{AC66B3F8-C2F8-466C-A932-24527A2E9C9F}"
EndProject
Global
	GlobalSection(SolutionConfigurationPlatforms) = preSolution
		Debug|Any CPU = Debug|Any CPU
		Release|Any CPU = Release|Any CPU
	EndGlobalSection
	GlobalSection(ProjectConfigurationPlatforms) = postSolution
		{AC66B3F8-C2F8-466C-A932-24527A2E9C9F}.Debug|Any CPU.ActiveCfg = Debug|Any CPU
		{AC66B3F8-C2F8-466C-A932-24527A2E9C9F}.Debug|Any CPU.Build.0 = Debug|Any CPU
		{AC66B3F8-C2F8-466C-A932-24527A2E9C9F}.Release|Any CPU.ActiveCfg = Release|Any CPU
		{AC66B3F8-C2F8-466C-A932-24527A2E9C9F}.Release|Any CPU.Build.0 = Release|Any CPU
	EndGlobalSection
	GlobalSection(SolutionProperties) = preSolution
		HideSolutionNode = FALSE
	EndGlobalSection
	GlobalSection(ExtensibilityGlobals) = postSolution
		SolutionGuid = {0405BC7F-6AF2-4FBB-84C9-938C44BE37C1}
	EndGlobalSection
EndGlobal
